
Microsoft Visual Studio Solution File, Format Version 12.00
# Visual Studio Version 16
VisualStudioVersion = 16.0.31424.327
MinimumVisualStudioVersion = 10.0.40219.1
Project("{9A19103F-16F7-4668-BE54-9A1E7A4F7556}") = "HomeTask-01.1", "HomeTask-01.1\HomeTask-01.1.csproj", "{250D836C-74D4-45A6-91B2-5E9FCC353DA9}"
EndProject
Global
	GlobalSection(SolutionConfigurationPlatforms) = preSolution
		Debug|Any CPU = Debug|Any CPU
		Release|Any CPU = Release|Any CPU
	EndGlobalSection
	GlobalSection(ProjectConfigurationPlatforms) = postSolution
		{250D836C-74D4-45A6-91B2-5E9FCC353DA9}.Debug|Any CPU.ActiveCfg = Debug|Any CPU
		{250D836C-74D4-45A6-91B2-5E9FCC353DA9}.Debug|Any CPU.Build.0 = Debug|Any CPU
		{250D836C-74D4-45A6-91B2-5E9FCC353DA9}.Release|Any CPU.ActiveCfg = Release|Any CPU
		{250D836C-74D4-45A6-91B2-5E9FCC353DA9}.Release|Any CPU.Build.0 = Release|Any CPU
	EndGlobalSection
	GlobalSection(SolutionProperties) = preSolution
		HideSolutionNode = FALSE
	EndGlobalSection
	GlobalSection(ExtensibilityGlobals) = postSolution
		SolutionGuid = {1CBED171-B537-4F16-918D-F9CC44CE502D}
	EndGlobalSection
EndGlobal
